# This file is autogenerated, do not edit; changes may be undone by the next 'dep ensure'.


[[projects]]
  name = "code.cloudfoundry.org/lager"
  packages = [
    ".",
    "lagertest"
  ]
  revision = "de8e9c6c6e474e5e3668aea1a9817bdb4ceeceb0"

[[projects]]
  name = "github.com/aws/aws-sdk-go"
  packages = [
    "aws",
    "aws/awserr",
    "aws/awsutil",
    "aws/client",
    "aws/client/metadata",
    "aws/corehandlers",
    "aws/credentials",
    "aws/credentials/ec2rolecreds",
    "aws/credentials/endpointcreds",
    "aws/credentials/stscreds",
    "aws/defaults",
    "aws/ec2metadata",
    "aws/endpoints",
    "aws/request",
    "aws/session",
    "aws/signer/v4",
    "private/protocol",
    "private/protocol/ec2query",
    "private/protocol/query",
    "private/protocol/query/queryutil",
    "private/protocol/rest",
    "private/protocol/xml/xmlutil",
    "private/waiter",
    "service/ec2",
    "service/rds",
    "service/sts"
  ]
  revision = "6669bce73b4e3bc922ff5ea3a3983ede26e02b39"
  version = "v1.7.3"

[[projects]]
  name = "github.com/go-ini/ini"
  packages = ["."]
  revision = "467243bad6cb295e0fe72366da5ba85b069874cb"

[[projects]]
  name = "github.com/go-sql-driver/mysql"
  packages = ["."]
  revision = "527bcd55aab2e53314f1a150922560174b493034"

[[projects]]
  name = "github.com/gorilla/context"
  packages = ["."]
  revision = "215affda49addc4c8ef7e2534915df2c8c35c6cd"

[[projects]]
  name = "github.com/gorilla/mux"
  packages = ["."]
  revision = "8a875a034c69b940914d83ea03d3f1299b4d094b"

[[projects]]
  name = "github.com/jmespath/go-jmespath"
  packages = ["."]
  revision = "c01cf91b011868172fdcd9f41838e80c9d716264"

[[projects]]
  name = "github.com/lib/pq"
  packages = [
    ".",
    "oid"
  ]
  revision = "ffe986aba3e6cfcded8b06615965941408891ef0"

[[projects]]
  name = "github.com/onsi/ginkgo"
  packages = [
    ".",
    "config",
    "internal/codelocation",
    "internal/containernode",
    "internal/failer",
    "internal/leafnodes",
    "internal/remote",
    "internal/spec",
    "internal/specrunner",
    "internal/suite",
    "internal/testingtproxy",
    "internal/writer",
    "reporters",
    "reporters/stenographer",
    "reporters/stenographer/support/go-colorable",
    "reporters/stenographer/support/go-isatty",
    "types"
  ]
  revision = "a23f924ce96d61f963fb6219b8ff069d8d768cc2"

[[projects]]
  name = "github.com/onsi/gomega"
  packages = [
    ".",
    "format",
    "gbytes",
    "gexec",
    "internal/assertion",
    "internal/asyncassertion",
    "internal/oraclematcher",
    "internal/testingtsupport",
    "matchers",
    "matchers/support/goraph/bipartitegraph",
    "matchers/support/goraph/edge",
    "matchers/support/goraph/node",
    "matchers/support/goraph/util",
    "types"
  ]
  revision = "e85f63af4302dc0e4277c6008ecf803f1d80e4f0"

[[projects]]
  name = "github.com/phayes/freeport"
  packages = ["."]
  revision = "e7681b37614941bf73b404e0caa37f19e33b5fed"

[[projects]]
  name = "github.com/pivotal-cf/brokerapi"
  packages = [
    ".",
    "auth"
  ]
  revision = "b90ba3f93800e6618e6f06280fba6466726f1e9a"

[[projects]]
  name = "github.com/satori/go.uuid"
  packages = ["."]
  revision = "b061729afc07e77a8aa4fad0a2fd840958f1942a"

[[projects]]
  name = "golang.org/x/sys"
  packages = ["unix"]
  revision = "d75a52659825e75fff6158388dddc6a5b04f9ba5"

[[projects]]
  name = "gopkg.in/yaml.v2"
  packages = ["."]
  revision = "a5b47d31c556af34a302ce5d659e6fea44d90de0"

[solve-meta]
  analyzer-name = "dep"
  analyzer-version = 1
  inputs-digest = "39611f772f8ac0230944dca60b144c824f41c25ccc47bc88b23ea5185b999c68"
  solver-name = "gps-cdcl"
  solver-version = 1
