hash: f950a7493c69f6ee9f31aeebd5fb201532cc6480bca946da3db9c0039bb65f7d
updated: 2017-01-05T13:00:25.901165028-05:00
imports: []
testImports:
- name: github.com/aws/aws-sdk-go
  version: 63ce630574a5ec05ecd8e8de5cea16332a5a684d
  subpackages:
  - aws
  - aws/awserr
  - aws/awsutil
  - aws/client
  - aws/client/metadata
  - aws/corehandlers
  - aws/credentials
  - aws/credentials/ec2rolecreds
  - aws/credentials/endpointcreds
  - aws/credentials/stscreds
  - aws/defaults
  - aws/ec2metadata
  - aws/endpoints
  - aws/request
  - aws/session
  - aws/signer/v4
  - private/protocol
  - private/protocol/query
  - private/protocol/query/queryutil
  - private/protocol/rest
  - private/protocol/xml/xmlutil
  - private/waiter
  - service/rds
  - service/sts
- name: github.com/cloudfoundry-incubator/cf-test-helpers
  version: 1ee4b5ae34510f78ce0c0166cc82605f1197a3cb
  subpackages:
  - cf
  - commandreporter
  - commandstarter
  - generator
  - helpers
  - helpers/internal
  - internal
- name: github.com/go-ini/ini
  version: 12f418cc7edc5a618a51407b7ac1f1f512139df3
- name: github.com/jmespath/go-jmespath
  version: 0b12d6b521d83fc7f755e7cfc1b1fbdd35a01a74
- name: github.com/kelseyhightower/envconfig
  version: 9aca109c9aec4633fced9717c4a09ecab3d33111
- name: github.com/nu7hatch/gouuid
  version: 179d4d0c4d8d407a32af483c2354df1d2c91e6c3
- name: github.com/onsi/ginkgo
  version: 462326b1628e124b23f42e87a8f2750e3c4e2d24
  subpackages:
  - config
  - internal/codelocation
  - internal/containernode
  - internal/failer
  - internal/leafnodes
  - internal/remote
  - internal/spec
  - internal/specrunner
  - internal/suite
  - internal/testingtproxy
  - internal/writer
  - reporters
  - reporters/stenographer
  - types
- name: github.com/onsi/gomega
  version: a78ae492d53aad5a7a232d0d0462c14c400e3ee7
  subpackages:
  - format
  - gbytes
  - gexec
  - internal/assertion
  - internal/asyncassertion
  - internal/testingtsupport
  - matchers
  - matchers/support/goraph/bipartitegraph
  - matchers/support/goraph/edge
  - matchers/support/goraph/node
  - matchers/support/goraph/util
  - types
